
Microsoft Visual Studio Solution File, Format Version 12.00
# Visual Studio 15
VisualStudioVersion = 15.0.28307.902
MinimumVisualStudioVersion = 10.0.40219.1
Project("{9A19103F-16F7-4668-BE54-9A1E7A4F7556}") = "LambdaShoppingListWebAPI", "LambdaShoppingListWebAPI\LambdaShoppingListWebAPI.csproj", "{F33B264A-058D-4F1D-8A25-2C6BD08CA733}"
EndProject
Global
	GlobalSection(SolutionConfigurationPlatforms) = preSolution
		Debug|Any CPU = Debug|Any CPU
		Release|Any CPU = Release|Any CPU
	EndGlobalSection
	GlobalSection(ProjectConfigurationPlatforms) = postSolution
		{F33B264A-058D-4F1D-8A25-2C6BD08CA733}.Debug|Any CPU.ActiveCfg = Debug|Any CPU
		{F33B264A-058D-4F1D-8A25-2C6BD08CA733}.Debug|Any CPU.Build.0 = Debug|Any CPU
		{F33B264A-058D-4F1D-8A25-2C6BD08CA733}.Release|Any CPU.ActiveCfg = Release|Any CPU
		{F33B264A-058D-4F1D-8A25-2C6BD08CA733}.Release|Any CPU.Build.0 = Release|Any CPU
	EndGlobalSection
	GlobalSection(SolutionProperties) = preSolution
		HideSolutionNode = FALSE
	EndGlobalSection
	GlobalSection(ExtensibilityGlobals) = postSolution
		SolutionGuid = {006BEF5B-9A11-4BB2-A0F0-B21AB87B5984}
	EndGlobalSection
EndGlobal
